
Microsoft Visual Studio Solution File, Format Version 12.00
# Visual Studio Version 17
VisualStudioVersion = 17.6.33829.357
MinimumVisualStudioVersion = 10.0.40219.1
Project("{9A19103F-16F7-4668-BE54-9A1E7A4F7556}") = "compete-platform", "compete-platform.csproj", "{2833B5E6-840F-432E-89A4-C547DFD4DDBF}"
EndProject
Project("{9A19103F-16F7-4668-BE54-9A1E7A4F7556}") = "Compete POCO Models", "..\Compete-POCO-Models\Compete POCO Models.csproj", "{9429CE0D-ACC6-45B3-A649-D7A2C011580C}"
EndProject
Global
	GlobalSection(SolutionConfigurationPlatforms) = preSolution
		Debug|Any CPU = Debug|Any CPU
		Release|Any CPU = Release|Any CPU
	EndGlobalSection
	GlobalSection(ProjectConfigurationPlatforms) = postSolution
		{2833B5E6-840F-432E-89A4-C547DFD4DDBF}.Debug|Any CPU.ActiveCfg = Debug|Any CPU
		{2833B5E6-840F-432E-89A4-C547DFD4DDBF}.Debug|Any CPU.Build.0 = Debug|Any CPU
		{2833B5E6-840F-432E-89A4-C547DFD4DDBF}.Release|Any CPU.ActiveCfg = Release|Any CPU
		{2833B5E6-840F-432E-89A4-C547DFD4DDBF}.Release|Any CPU.Build.0 = Release|Any CPU
		{9429CE0D-ACC6-45B3-A649-D7A2C011580C}.Debug|Any CPU.ActiveCfg = Debug|Any CPU
		{9429CE0D-ACC6-45B3-A649-D7A2C011580C}.Debug|Any CPU.Build.0 = Debug|Any CPU
		{9429CE0D-ACC6-45B3-A649-D7A2C011580C}.Release|Any CPU.ActiveCfg = Release|Any CPU
		{9429CE0D-ACC6-45B3-A649-D7A2C011580C}.Release|Any CPU.Build.0 = Release|Any CPU
	EndGlobalSection
	GlobalSection(SolutionProperties) = preSolution
		HideSolutionNode = FALSE
	EndGlobalSection
	GlobalSection(ExtensibilityGlobals) = postSolution
		SolutionGuid = {01596557-AB52-4AE5-8C37-168BB96EB201}
	EndGlobalSection
EndGlobal
